
Microsoft Visual Studio Solution File, Format Version 12.00
# Visual Studio 15
VisualStudioVersion = 15.0.28307.1000
MinimumVisualStudioVersion = 10.0.40219.1
Project("{FAE04EC0-301F-11D3-BF4B-00C04F79EFBC}") = "NameSorter", "NameSorterAlpha\NameSorter.csproj", "{093263C7-929D-444F-93DC-370B20707656}"
EndProject
Project("{FAE04EC0-301F-11D3-BF4B-00C04F79EFBC}") = "NameTest", "NameTest\NameTest.csproj", "{8C61BA8C-0F37-4A0A-8B49-D65AB6FACCF4}"
EndProject
Global
	GlobalSection(SolutionConfigurationPlatforms) = preSolution
		Debug|Any CPU = Debug|Any CPU
		Release|Any CPU = Release|Any CPU
	EndGlobalSection
	GlobalSection(ProjectConfigurationPlatforms) = postSolution
		{093263C7-929D-444F-93DC-370B20707656}.Debug|Any CPU.ActiveCfg = Debug|Any CPU
		{093263C7-929D-444F-93DC-370B20707656}.Debug|Any CPU.Build.0 = Debug|Any CPU
		{093263C7-929D-444F-93DC-370B20707656}.Release|Any CPU.ActiveCfg = Release|Any CPU
		{093263C7-929D-444F-93DC-370B20707656}.Release|Any CPU.Build.0 = Release|Any CPU
		{8C61BA8C-0F37-4A0A-8B49-D65AB6FACCF4}.Debug|Any CPU.ActiveCfg = Debug|Any CPU
		{8C61BA8C-0F37-4A0A-8B49-D65AB6FACCF4}.Debug|Any CPU.Build.0 = Debug|Any CPU
		{8C61BA8C-0F37-4A0A-8B49-D65AB6FACCF4}.Release|Any CPU.ActiveCfg = Release|Any CPU
		{8C61BA8C-0F37-4A0A-8B49-D65AB6FACCF4}.Release|Any CPU.Build.0 = Release|Any CPU
	EndGlobalSection
	GlobalSection(SolutionProperties) = preSolution
		HideSolutionNode = FALSE
	EndGlobalSection
	GlobalSection(ExtensibilityGlobals) = postSolution
		SolutionGuid = {DBCCD6E3-316A-4EF1-86F3-D8BAC9754A69}
	EndGlobalSection
EndGlobal
