
Microsoft Visual Studio Solution File, Format Version 12.00
# Visual Studio 15
VisualStudioVersion = 15.0.28307.1000
MinimumVisualStudioVersion = 10.0.40219.1
Project("{FAE04EC0-301F-11D3-BF4B-00C04F79EFBC}") = "Name", "Name\Name.csproj", "{6F931A7A-D7E8-4831-88A5-97E394673BAB}"
EndProject
Global
	GlobalSection(SolutionConfigurationPlatforms) = preSolution
		Debug|Any CPU = Debug|Any CPU
		Release|Any CPU = Release|Any CPU
	EndGlobalSection
	GlobalSection(ProjectConfigurationPlatforms) = postSolution
		{6F931A7A-D7E8-4831-88A5-97E394673BAB}.Debug|Any CPU.ActiveCfg = Debug|Any CPU
		{6F931A7A-D7E8-4831-88A5-97E394673BAB}.Debug|Any CPU.Build.0 = Debug|Any CPU
		{6F931A7A-D7E8-4831-88A5-97E394673BAB}.Release|Any CPU.ActiveCfg = Release|Any CPU
		{6F931A7A-D7E8-4831-88A5-97E394673BAB}.Release|Any CPU.Build.0 = Release|Any CPU
	EndGlobalSection
	GlobalSection(SolutionProperties) = preSolution
		HideSolutionNode = FALSE
	EndGlobalSection
	GlobalSection(ExtensibilityGlobals) = postSolution
		SolutionGuid = {151AE430-D19F-41AB-920F-D11BA8A1197D}
	EndGlobalSection
EndGlobal
